
Microsoft Visual Studio Solution File, Format Version 12.00
# Visual Studio Version 17
VisualStudioVersion = 17.10.35027.167
MinimumVisualStudioVersion = 10.0.40219.1
Project("{FAE04EC0-301F-11D3-BF4B-00C04F79EFBC}") = "Draw With Loops and Arrays 4 (Solution)", "Draw With Loops and Arrays 4 (Solution).csproj", "{A57042EC-6ECF-4CB5-BC16-9A2B3B544299}"
EndProject
Global
	GlobalSection(SolutionConfigurationPlatforms) = preSolution
		Debug|Any CPU = Debug|Any CPU
		Release|Any CPU = Release|Any CPU
	EndGlobalSection
	GlobalSection(ProjectConfigurationPlatforms) = postSolution
		{A57042EC-6ECF-4CB5-BC16-9A2B3B544299}.Debug|Any CPU.ActiveCfg = Debug|Any CPU
		{A57042EC-6ECF-4CB5-BC16-9A2B3B544299}.Debug|Any CPU.Build.0 = Debug|Any CPU
		{A57042EC-6ECF-4CB5-BC16-9A2B3B544299}.Release|Any CPU.ActiveCfg = Release|Any CPU
		{A57042EC-6ECF-4CB5-BC16-9A2B3B544299}.Release|Any CPU.Build.0 = Release|Any CPU
	EndGlobalSection
	GlobalSection(SolutionProperties) = preSolution
		HideSolutionNode = FALSE
	EndGlobalSection
	GlobalSection(ExtensibilityGlobals) = postSolution
		SolutionGuid = {E120AFC9-4D3E-4ADD-906E-CDA1D1E8EFF4}
	EndGlobalSection
EndGlobal
