
Microsoft Visual Studio Solution File, Format Version 12.00
# Visual Studio Version 17
VisualStudioVersion = 17.10.35027.167
MinimumVisualStudioVersion = 10.0.40219.1
Project("{FAE04EC0-301F-11D3-BF4B-00C04F79EFBC}") = "Lady Bacon (Solution)", "Lady Bacon (Solution).csproj", "{B988F5F7-6B5D-4174-B51B-91D361CDE9EC}"
EndProject
Global
	GlobalSection(SolutionConfigurationPlatforms) = preSolution
		Debug|Any CPU = Debug|Any CPU
		Release|Any CPU = Release|Any CPU
	EndGlobalSection
	GlobalSection(ProjectConfigurationPlatforms) = postSolution
		{B988F5F7-6B5D-4174-B51B-91D361CDE9EC}.Debug|Any CPU.ActiveCfg = Debug|Any CPU
		{B988F5F7-6B5D-4174-B51B-91D361CDE9EC}.Debug|Any CPU.Build.0 = Debug|Any CPU
		{B988F5F7-6B5D-4174-B51B-91D361CDE9EC}.Release|Any CPU.ActiveCfg = Release|Any CPU
		{B988F5F7-6B5D-4174-B51B-91D361CDE9EC}.Release|Any CPU.Build.0 = Release|Any CPU
	EndGlobalSection
	GlobalSection(SolutionProperties) = preSolution
		HideSolutionNode = FALSE
	EndGlobalSection
	GlobalSection(ExtensibilityGlobals) = postSolution
		SolutionGuid = {5426919F-2C80-44B2-818A-D5E4442ED48F}
	EndGlobalSection
EndGlobal
