
Microsoft Visual Studio Solution File, Format Version 12.00
# Visual Studio Version 17
VisualStudioVersion = 17.10.35027.167
MinimumVisualStudioVersion = 10.0.40219.1
Project("{FAE04EC0-301F-11D3-BF4B-00C04F79EFBC}") = "Toggle Color (Challenge)", "Toggle Color (Challenge).csproj", "{E5488330-D64B-4F80-B3F6-6E9D4428863A}"
EndProject
Global
	GlobalSection(SolutionConfigurationPlatforms) = preSolution
		Debug|Any CPU = Debug|Any CPU
		Release|Any CPU = Release|Any CPU
	EndGlobalSection
	GlobalSection(ProjectConfigurationPlatforms) = postSolution
		{E5488330-D64B-4F80-B3F6-6E9D4428863A}.Debug|Any CPU.ActiveCfg = Debug|Any CPU
		{E5488330-D64B-4F80-B3F6-6E9D4428863A}.Debug|Any CPU.Build.0 = Debug|Any CPU
		{E5488330-D64B-4F80-B3F6-6E9D4428863A}.Release|Any CPU.ActiveCfg = Release|Any CPU
		{E5488330-D64B-4F80-B3F6-6E9D4428863A}.Release|Any CPU.Build.0 = Release|Any CPU
	EndGlobalSection
	GlobalSection(SolutionProperties) = preSolution
		HideSolutionNode = FALSE
	EndGlobalSection
	GlobalSection(ExtensibilityGlobals) = postSolution
		SolutionGuid = {C365BA9E-D39E-422F-B513-651D5819FFD0}
	EndGlobalSection
EndGlobal
