
Microsoft Visual Studio Solution File, Format Version 12.00
# Visual Studio Version 17
VisualStudioVersion = 17.10.35027.167
MinimumVisualStudioVersion = 10.0.40219.1
Project("{FAE04EC0-301F-11D3-BF4B-00C04F79EFBC}") = "Draw With Loops and Arrays 1 (Solution)", "Draw With Loops and Arrays 1 (Solution).csproj", "{A3033913-DDC5-488F-8D5F-8708972520BD}"
EndProject
Global
	GlobalSection(SolutionConfigurationPlatforms) = preSolution
		Debug|Any CPU = Debug|Any CPU
		Release|Any CPU = Release|Any CPU
	EndGlobalSection
	GlobalSection(ProjectConfigurationPlatforms) = postSolution
		{A3033913-DDC5-488F-8D5F-8708972520BD}.Debug|Any CPU.ActiveCfg = Debug|Any CPU
		{A3033913-DDC5-488F-8D5F-8708972520BD}.Debug|Any CPU.Build.0 = Debug|Any CPU
		{A3033913-DDC5-488F-8D5F-8708972520BD}.Release|Any CPU.ActiveCfg = Release|Any CPU
		{A3033913-DDC5-488F-8D5F-8708972520BD}.Release|Any CPU.Build.0 = Release|Any CPU
	EndGlobalSection
	GlobalSection(SolutionProperties) = preSolution
		HideSolutionNode = FALSE
	EndGlobalSection
	GlobalSection(ExtensibilityGlobals) = postSolution
		SolutionGuid = {76CCD6A5-F3D4-4CB1-84E4-7112DA1B31FE}
	EndGlobalSection
EndGlobal
