
Microsoft Visual Studio Solution File, Format Version 12.00
# Visual Studio Version 17
VisualStudioVersion = 17.10.35027.167
MinimumVisualStudioVersion = 10.0.40219.1
Project("{FAE04EC0-301F-11D3-BF4B-00C04F79EFBC}") = "Draw At Random Via Input (Solution)", "Draw At Random Via Input (Solution).csproj", "{6D20C535-67CB-416F-B72F-B6711C1218FA}"
EndProject
Global
	GlobalSection(SolutionConfigurationPlatforms) = preSolution
		Debug|Any CPU = Debug|Any CPU
		Release|Any CPU = Release|Any CPU
	EndGlobalSection
	GlobalSection(ProjectConfigurationPlatforms) = postSolution
		{6D20C535-67CB-416F-B72F-B6711C1218FA}.Debug|Any CPU.ActiveCfg = Debug|Any CPU
		{6D20C535-67CB-416F-B72F-B6711C1218FA}.Debug|Any CPU.Build.0 = Debug|Any CPU
		{6D20C535-67CB-416F-B72F-B6711C1218FA}.Release|Any CPU.ActiveCfg = Release|Any CPU
		{6D20C535-67CB-416F-B72F-B6711C1218FA}.Release|Any CPU.Build.0 = Release|Any CPU
	EndGlobalSection
	GlobalSection(SolutionProperties) = preSolution
		HideSolutionNode = FALSE
	EndGlobalSection
	GlobalSection(ExtensibilityGlobals) = postSolution
		SolutionGuid = {0D0E37EC-13DE-4544-93F7-7C1E69C0C183}
	EndGlobalSection
EndGlobal
