
Microsoft Visual Studio Solution File, Format Version 12.00
# Visual Studio Version 17
VisualStudioVersion = 17.10.35027.167
MinimumVisualStudioVersion = 10.0.40219.1
Project("{9A19103F-16F7-4668-BE54-9A1E7A4F7556}") = "Draw With Loops and Arrays 2 (Solution)", "Draw With Loops and Arrays 2 (Solution).csproj", "{CF0775E9-78D8-448C-BF2A-A3D0EFA7D055}"
EndProject
Global
	GlobalSection(SolutionConfigurationPlatforms) = preSolution
		Debug|Any CPU = Debug|Any CPU
		Release|Any CPU = Release|Any CPU
	EndGlobalSection
	GlobalSection(ProjectConfigurationPlatforms) = postSolution
		{CF0775E9-78D8-448C-BF2A-A3D0EFA7D055}.Debug|Any CPU.ActiveCfg = Debug|Any CPU
		{CF0775E9-78D8-448C-BF2A-A3D0EFA7D055}.Debug|Any CPU.Build.0 = Debug|Any CPU
		{CF0775E9-78D8-448C-BF2A-A3D0EFA7D055}.Release|Any CPU.ActiveCfg = Release|Any CPU
		{CF0775E9-78D8-448C-BF2A-A3D0EFA7D055}.Release|Any CPU.Build.0 = Release|Any CPU
	EndGlobalSection
	GlobalSection(SolutionProperties) = preSolution
		HideSolutionNode = FALSE
	EndGlobalSection
	GlobalSection(ExtensibilityGlobals) = postSolution
		SolutionGuid = {44172329-F24B-423E-8BC3-AECEC129E83F}
	EndGlobalSection
EndGlobal
