
Microsoft Visual Studio Solution File, Format Version 12.00
# Visual Studio Version 17
VisualStudioVersion = 17.10.35027.167
MinimumVisualStudioVersion = 10.0.40219.1
Project("{FAE04EC0-301F-11D3-BF4B-00C04F79EFBC}") = "Draw Selected From Array 3 (Solution)", "Draw Selected From Array 3 (Solution).csproj", "{1402DEF6-7000-4FF2-BB55-1ADC5B06C8B7}"
EndProject
Global
	GlobalSection(SolutionConfigurationPlatforms) = preSolution
		Debug|Any CPU = Debug|Any CPU
		Release|Any CPU = Release|Any CPU
	EndGlobalSection
	GlobalSection(ProjectConfigurationPlatforms) = postSolution
		{1402DEF6-7000-4FF2-BB55-1ADC5B06C8B7}.Debug|Any CPU.ActiveCfg = Debug|Any CPU
		{1402DEF6-7000-4FF2-BB55-1ADC5B06C8B7}.Debug|Any CPU.Build.0 = Debug|Any CPU
		{1402DEF6-7000-4FF2-BB55-1ADC5B06C8B7}.Release|Any CPU.ActiveCfg = Release|Any CPU
		{1402DEF6-7000-4FF2-BB55-1ADC5B06C8B7}.Release|Any CPU.Build.0 = Release|Any CPU
	EndGlobalSection
	GlobalSection(SolutionProperties) = preSolution
		HideSolutionNode = FALSE
	EndGlobalSection
	GlobalSection(ExtensibilityGlobals) = postSolution
		SolutionGuid = {BC2D7F57-E631-415B-AA78-FD72D352B5CC}
	EndGlobalSection
EndGlobal
