
Microsoft Visual Studio Solution File, Format Version 12.00
# Visual Studio Version 17
VisualStudioVersion = 17.10.35027.167
MinimumVisualStudioVersion = 10.0.40219.1
Project("{FAE04EC0-301F-11D3-BF4B-00C04F79EFBC}") = "Draw In Many Places (Solution)", "Draw In Many Places (Solution).csproj", "{CA0C74D8-3DA4-4546-825C-D7FD68FD4ED2}"
EndProject
Global
	GlobalSection(SolutionConfigurationPlatforms) = preSolution
		Debug|Any CPU = Debug|Any CPU
		Release|Any CPU = Release|Any CPU
	EndGlobalSection
	GlobalSection(ProjectConfigurationPlatforms) = postSolution
		{CA0C74D8-3DA4-4546-825C-D7FD68FD4ED2}.Debug|Any CPU.ActiveCfg = Debug|Any CPU
		{CA0C74D8-3DA4-4546-825C-D7FD68FD4ED2}.Debug|Any CPU.Build.0 = Debug|Any CPU
		{CA0C74D8-3DA4-4546-825C-D7FD68FD4ED2}.Release|Any CPU.ActiveCfg = Release|Any CPU
		{CA0C74D8-3DA4-4546-825C-D7FD68FD4ED2}.Release|Any CPU.Build.0 = Release|Any CPU
	EndGlobalSection
	GlobalSection(SolutionProperties) = preSolution
		HideSolutionNode = FALSE
	EndGlobalSection
	GlobalSection(ExtensibilityGlobals) = postSolution
		SolutionGuid = {F1844DAB-BDD3-4B87-8836-AC533776B359}
	EndGlobalSection
EndGlobal
